
Microsoft Visual Studio Solution File, Format Version 12.00
# Visual Studio Version 17
VisualStudioVersion = 17.3.32804.467
MinimumVisualStudioVersion = 10.0.40219.1
Project("{FAE04EC0-301F-11D3-BF4B-00C04F79EFBC}") = "IdentityService", "IdentityService\IdentityService.csproj", "{0186DF05-5F20-4B52-B056-ACDA5F096F6C}"
EndProject
Global
	GlobalSection(SolutionConfigurationPlatforms) = preSolution
		Debug|Any CPU = Debug|Any CPU
		Release|Any CPU = Release|Any CPU
	EndGlobalSection
	GlobalSection(ProjectConfigurationPlatforms) = postSolution
		{0186DF05-5F20-4B52-B056-ACDA5F096F6C}.Debug|Any CPU.ActiveCfg = Debug|Any CPU
		{0186DF05-5F20-4B52-B056-ACDA5F096F6C}.Debug|Any CPU.Build.0 = Debug|Any CPU
		{0186DF05-5F20-4B52-B056-ACDA5F096F6C}.Release|Any CPU.ActiveCfg = Release|Any CPU
		{0186DF05-5F20-4B52-B056-ACDA5F096F6C}.Release|Any CPU.Build.0 = Release|Any CPU
	EndGlobalSection
	GlobalSection(SolutionProperties) = preSolution
		HideSolutionNode = FALSE
	EndGlobalSection
	GlobalSection(ExtensibilityGlobals) = postSolution
		SolutionGuid = {F7B28213-5394-43C1-8D1A-02D8622A36E7}
	EndGlobalSection
EndGlobal
